// !$*UTF8*$!
{
	archiveVersion = 1;
	classes = {
	};
	objectVersion = 77;
	objects = {

/* Begin PBXContainerItemProxy section */
		394CC4412F8F804D008ED326 /* PBXContainerItemProxy */ = {
			isa = PBXContainerItemProxy;
			containerPortal = 394CC42B2F8F804C008ED326 /* Project object */;
			proxyType = 1;
			remoteGlobalIDString = 394CC4322F8F804C008ED326;
			remoteInfo = UsersApp;
		};
		394CC44B2F8F804D008ED326 /* PBXContainerItemProxy */ = {
			isa = PBXContainerItemProxy;
			containerPortal = 394CC42B2F8F804C008ED326 /* Project object */;
			proxyType = 1;
			remoteGlobalIDString = 394CC4322F8F804C008ED326;
			remoteInfo = UsersApp;
		};
/* End PBXContainerItemProxy section */

/* Begin PBXFileReference section */
		394CC4332F8F804C008ED326 /* UsersApp.app */ = {isa = PBXFileReference; explicitFileType = wrapper.application; includeInIndex = 0; path = UsersApp.app; sourceTree = BUILT_PRODUCTS_DIR; };
		394CC4402F8F804D008ED326 /* UsersAppTests.xctest */ = {isa = PBXFileReference; explicitFileType = wrapper.cfbundle; includeInIndex = 0; path = UsersAppTests.xctest; sourceTree = BUILT_PRODUCTS_DIR; };
		394CC44A2F8F804D008ED326 /* UsersAppUITests.xctest */ = {isa = PBXFileReference; explicitFileType = wrapper.cfbundle; includeInIndex = 0; path = UsersAppUITests.xctest; sourceTree = BUILT_PRODUCTS_DIR; };
/* End PBXFileReference section */

/* Begin PBXFileSystemSynchronizedRootGroup section */
		394CC4352F8F804C008ED326 /* UsersApp */ = {
			isa = PBXFileSystemSynchronizedRootGroup;
			path = UsersApp;
			sourceTree = "<group>";
		};
		394CC4432F8F804D008ED326 /* UsersAppTests */ = {
			isa = PBXFileSystemSynchronizedRootGroup;
			path = UsersAppTests;
			sourceTree = "<group>";
		};
		394CC44D2F8F804D008ED326 /* UsersAppUITests */ = {
			isa = PBXFileSystemSynchronizedRootGroup;
			path = UsersAppUITests;
			sourceTree = "<group>";
		};
/* End PBXFileSystemSynchronizedRootGroup section */

/* Begin PBXFrameworksBuildPhase section */
		394CC4302F8F804C008ED326 /* Frameworks */ = {
			isa = PBXFrameworksBuildPhase;
			buildActionMask = 2147483647;
			files = (
				3952205F2F92BD5700B57BD8 /* Kingfisher in Frameworks */,
				AA000001000000000000AA01 /* UIComponents in Frameworks */,
			);
			runOnlyForDeploymentPostprocessing = 0;
		};
		394CC43D2F8F804D008ED326 /* Frameworks */ = {
			isa = PBXFrameworksBuildPhase;
			buildActionMask = 2147483647;
			files = (
			);
			runOnlyForDeploymentPostprocessing = 0;
		};
		394CC4472F8F804D008ED326 /* Frameworks */ = {
			isa = PBXFrameworksBuildPhase;
			buildActionMask = 2147483647;
			files = (
			);
			runOnlyForDeploymentPostprocessing = 0;
		};
/* End PBXFrameworksBuildPhase section */

/* Begin PBXGroup section */
		394CC42A2F8F804C008ED326 = {
			isa = PBXGroup;
			children = (
				394CC4352F8F804C008ED326 /* UsersApp */,
				394CC4432F8F804D008ED326 /* UsersAppTests */,
				394CC44D2F8F804D008ED326 /* UsersAppUITests */,
				394CC4342F8F804C008ED326 /* Products */,
			);
			sourceTree = "<group>";
		};
		394CC4342F8F804C008ED326 /* Products */ = {
			isa = PBXGroup;
			children = (
				394CC4332F8F804C008ED326 /* UsersApp.app */,
				394CC4402F8F804D008ED326 /* UsersAppTests.xctest */,
				394CC44A2F8F804D008ED326 /* UsersAppUITests.xctest */,
			);
			name = Products;
			sourceTree = "<group>";
		};
/* End PBXGroup section */

/* Begin PBXNativeTarget section */
		394CC4322F8F804C008ED326 /* UsersApp */ = {
			isa = PBXNativeTarget;
			buildConfigurationList = 394CC4542F8F804D008ED326 /* Build configuration list for PBXNativeTarget "UsersApp" */;
			buildPhases = (
				394CC42F2F8F804C008ED326 /* Sources */,
				394CC4302F8F804C008ED326 /* Frameworks */,
				394CC4312F8F804C008ED326 /* Resources */,
			);
			buildRules = (
			);
			dependencies = (
			);
			fileSystemSynchronizedGroups = (
				394CC4352F8F804C008ED326 /* UsersApp */,
			);
			name = UsersApp;
			packageProductDependencies = (
				3952205E2F92BD5700B57BD8 /* Kingfisher */,
				AA000001000000000000AA00 /* UIComponents */,
			);
			productName = UsersApp;
			productReference = 394CC4332F8F804C008ED326 /* UsersApp.app */;
			productType = "com.apple.product-type.application";
		};
		394CC43F2F8F804D008ED326 /* UsersAppTests */ = {
			isa = PBXNativeTarget;
			buildConfigurationList = 394CC4572F8F804D008ED326 /* Build configuration list for PBXNativeTarget "UsersAppTests" */;
			buildPhases = (
				394CC43C2F8F804D008ED326 /* Sources */,
				394CC43D2F8F804D008ED326 /* Frameworks */,
				394CC43E2F8F804D008ED326 /* Resources */,
			);
			buildRules = (
			);
			dependencies = (
				394CC4422F8F804D008ED326 /* PBXTargetDependency */,
			);
			fileSystemSynchronizedGroups = (
				394CC4432F8F804D008ED326 /* UsersAppTests */,
			);
			name = UsersAppTests;
			packageProductDependencies = (
			);
			productName = UsersAppTests;
			productReference = 394CC4402F8F804D008ED326 /* UsersAppTests.xctest */;
			productType = "com.apple.product-type.bundle.unit-test";
		};
		394CC4492F8F804D008ED326 /* UsersAppUITests */ = {
			isa = PBXNativeTarget;
			buildConfigurationList = 394CC45A2F8F804D008ED326 /* Build configuration list for PBXNativeTarget "UsersAppUITests" */;
			buildPhases = (
				394CC4462F8F804D008ED326 /* Sources */,
				394CC4472F8F804D008ED326 /* Frameworks */,
				394CC4482F8F804D008ED326 /* Resources */,
			);
			buildRules = (
			);
			dependencies = (
				394CC44C2F8F804D008ED326 /* PBXTargetDependency */,
			);
			fileSystemSynchronizedGroups = (
				394CC44D2F8F804D008ED326 /* UsersAppUITests */,
			);
			name = UsersAppUITests;
			packageProductDependencies = (
			);
			productName = UsersAppUITests;
			productReference = 394CC44A2F8F804D008ED326 /* UsersAppUITests.xctest */;
			productType = "com.apple.product-type.bundle.ui-testing";
		};
/* End PBXNativeTarget section */

/* Begin PBXProject section */
		394CC42B2F8F804C008ED326 /* Project object */ = {
			isa = PBXProject;
			attributes = {
				BuildIndependentTargetsInParallel = 1;
				LastSwiftUpdateCheck = 2640;
				LastUpgradeCheck = 2640;
				TargetAttributes = {
					394CC4322F8F804C008ED326 = {
						CreatedOnToolsVersion = 26.4;
					};
					394CC43F2F8F804D008ED326 = {
						CreatedOnToolsVersion = 26.4;
						TestTargetID = 394CC4322F8F804C008ED326;
					};
					394CC4492F8F804D008ED326 = {
						CreatedOnToolsVersion = 26.4;
						TestTargetID = 394CC4322F8F804C008ED326;
					};
				};
			};
			buildConfigurationList = 394CC42E2F8F804C008ED326 /* Build configuration list for PBXProject "UsersApp" */;
			developmentRegion = en;
			hasScannedForEncodings = 0;
			knownRegions = (
				en,
				Base,
			);
			mainGroup = 394CC42A2F8F804C008ED326;
			minimizedProjectReferenceProxies = 1;
			packageReferences = (
				3952205C2F92BD5700B57BD8 /* XCRemoteSwiftPackageReference "Kingfisher" */,
				AA000002000000000000AA00 /* XCLocalSwiftPackageReference "UIComponents" */,
			);
			preferredProjectObjectVersion = 77;
			productRefGroup = 394CC4342F8F804C008ED326 /* Products */;
			projectDirPath = "";
			projectRoot = "";
			targets = (
				394CC4322F8F804C008ED326 /* UsersApp */,
				394CC43F2F8F804D008ED326 /* UsersAppTests */,
				394CC4492F8F804D008ED326 /* UsersAppUITests */,
			);
		};
/* End PBXProject section */

/* Begin PBXResourcesBuildPhase section */
		394CC4312F8F804C008ED326 /* Resources */ = {
			isa = PBXResourcesBuildPhase;
			buildActionMask = 2147483647;
			files = (
			);
			runOnlyForDeploymentPostprocessing = 0;
		};
		394CC43E2F8F804D008ED326 /* Resources */ = {
			isa = PBXResourcesBuildPhase;
			buildActionMask = 2147483647;
			files = (
			);
			runOnlyForDeploymentPostprocessing = 0;
		};
		394CC4482F8F804D008ED326 /* Resources */ = {
			isa = PBXResourcesBuildPhase;
			buildActionMask = 2147483647;
			files = (
			);
			runOnlyForDeploymentPostprocessing = 0;
		};
/* End PBXResourcesBuildPhase section */

/* Begin PBXSourcesBuildPhase section */
		394CC42F2F8F804C008ED326 /* Sources */ = {
			isa = PBXSourcesBuildPhase;
			buildActionMask = 2147483647;
			files = (
			);
			runOnlyForDeploymentPostprocessing = 0;
		};
		394CC43C2F8F804D008ED326 /* Sources */ = {
			isa = PBXSourcesBuildPhase;
			buildActionMask = 2147483647;
			files = (
			);
			runOnlyForDeploymentPostprocessing = 0;
		};
		394CC4462F8F804D008ED326 /* Sources */ = {
			isa = PBXSourcesBuildPhase;
			buildActionMask = 2147483647;
			files = (
			);
			runOnlyForDeploymentPostprocessing = 0;
		};
/* End PBXSourcesBuildPhase section */

/* Begin PBXTargetDependency section */
		394CC4422F8F804D008ED326 /* PBXTargetDependency */ = {
			isa = PBXTargetDependency;
			target = 394CC4322F8F804C008ED326 /* UsersApp */;
			targetProxy = 394CC4412F8F804D008ED326 /* PBXContainerItemProxy */;
		};
		394CC44C2F8F804D008ED326 /* PBXTargetDependency */ = {
			isa = PBXTargetDependency;
			target = 394CC4322F8F804C008ED326 /* UsersApp */;
			targetProxy = 394CC44B2F8F804D008ED326 /* PBXContainerItemProxy */;
		};
/* End PBXTargetDependency section */

/* Begin XCBuildConfiguration section */
		394CC4522F8F804D008ED326 /* Debug */ = {
			isa = XCBuildConfiguration;
			buildSettings = {
				ALWAYS_SEARCH_USER_PATHS = NO;
				ASSETCATALOG_COMPILER_GENERATE_SWIFT_ASSET_SYMBOL_EXTENSIONS = YES;
				CLANG_ANALYZER_NONNULL = YES;
				CLANG_ANALYZER_NUMBER_OBJECT_CONVERSION = YES_AGGRESSIVE;
				CLANG_CXX_LANGUAGE_STANDARD = "gnu++20";
				CLANG_ENABLE_MODULES = YES;
				CLANG_ENABLE_OBJC_ARC = YES;
				CLANG_ENABLE_OBJC_WEAK = YES;
				CLANG_WARN_BLOCK_CAPTURE_AUTORELEASING = YES;
				CLANG_WARN_BOOL_CONVERSION = YES;
				CLANG_WARN_COMMA = YES;
				CLANG_WARN_CONSTANT_CONVERSION = YES;
				CLANG_WARN_DEPRECATED_OBJC_IMPLEMENTATIONS = YES;
				CLANG_WARN_DIRECT_OBJC_ISA_USAGE = YES_ERROR;
				CLANG_WARN_DOCUMENTATION_COMMENTS = YES;
				CLANG_WARN_EMPTY_BODY = YES;
				CLANG_WARN_ENUM_CONVERSION = YES;
				CLANG_WARN_INFINITE_RECURSION = YES;
				CLANG_WARN_INT_CONVERSION = YES;
				CLANG_WARN_NON_LITERAL_NULL_CONVERSION = YES;
				CLANG_WARN_OBJC_IMPLICIT_RETAIN_SELF = YES;
				CLANG_WARN_OBJC_LITERAL_CONVERSION = YES;
				CLANG_WARN_OBJC_ROOT_CLASS = YES_ERROR;
				CLANG_WARN_QUOTED_INCLUDE_IN_FRAMEWORK_HEADER = YES;
				CLANG_WARN_RANGE_LOOP_ANALYSIS = YES;
				CLANG_WARN_STRICT_PROTOTYPES = YES;
				CLANG_WARN_SUSPICIOUS_MOVE = YES;
				CLANG_WARN_UNGUARDED_AVAILABILITY = YES_AGGRESSIVE;
				CLANG_WARN_UNREACHABLE_CODE = YES;
				CLANG_WARN__DUPLICATE_METHOD_MATCH = YES;
				COPY_PHASE_STRIP = NO;
				DEBUG_INFORMATION_FORMAT = dwarf;
				DEVELOPMENT_TEAM = T9YFT24Y7S;
				ENABLE_STRICT_OBJC_MSGSEND = YES;
				ENABLE_TESTABILITY = YES;
				ENABLE_USER_SCRIPT_SANDBOXING = YES;
				GCC_C_LANGUAGE_STANDARD = gnu17;
				GCC_DYNAMIC_NO_PIC = NO;
				GCC_NO_COMMON_BLOCKS = YES;
				GCC_OPTIMIZATION_LEVEL = 0;
				GCC_PREPROCESSOR_DEFINITIONS = (
					"DEBUG=1",
					"$(inherited)",
				);
				GCC_WARN_64_TO_32_BIT_CONVERSION = YES;
				GCC_WARN_ABOUT_RETURN_TYPE = YES_ERROR;
				GCC_WARN_UNDECLARED_SELECTOR = YES;
				GCC_WARN_UNINITIALIZED_AUTOS = YES_AGGRESSIVE;
				GCC_WARN_UNUSED_FUNCTION = YES;
				GCC_WARN_UNUSED_VARIABLE = YES;
				IPHONEOS_DEPLOYMENT_TARGET = 26.4;
				LOCALIZATION_PREFERS_STRING_CATALOGS = YES;
				MTL_ENABLE_DEBUG_INFO = INCLUDE_SOURCE;
				MTL_FAST_MATH = YES;
				ONLY_ACTIVE_ARCH = YES;
				SDKROOT = iphoneos;
				SWIFT_ACTIVE_COMPILATION_CONDITIONS = "DEBUG $(inherited)";
				SWIFT_OPTIMIZATION_LEVEL = "-Onone";
			};
			name = Debug;
		};
		394CC4532F8F804D008ED326 /* Release */ = {
			isa = XCBuildConfiguration;
			buildSettings = {
				ALWAYS_SEARCH_USER_PATHS = NO;
				ASSETCATALOG_COMPILER_GENERATE_SWIFT_ASSET_SYMBOL_EXTENSIONS = YES;
				CLANG_ANALYZER_NONNULL = YES;
				CLANG_ANALYZER_NUMBER_OBJECT_CONVERSION = YES_AGGRESSIVE;
				CLANG_CXX_LANGUAGE_STANDARD = "gnu++20";
				CLANG_ENABLE_MODULES = YES;
				CLANG_ENABLE_OBJC_ARC = YES;
				CLANG_ENABLE_OBJC_WEAK = YES;
				CLANG_WARN_BLOCK_CAPTURE_AUTORELEASING = YES;
				CLANG_WARN_BOOL_CONVERSION = YES;
				CLANG_WARN_COMMA = YES;
				CLANG_WARN_CONSTANT_CONVERSION = YES;
				CLANG_WARN_DEPRECATED_OBJC_IMPLEMENTATIONS = YES;
				CLANG_WARN_DIRECT_OBJC_ISA_USAGE = YES_ERROR;
				CLANG_WARN_DOCUMENTATION_COMMENTS = YES;
				CLANG_WARN_EMPTY_BODY = YES;
				CLANG_WARN_ENUM_CONVERSION = YES;
				CLANG_WARN_INFINITE_RECURSION = YES;
				CLANG_WARN_INT_CONVERSION = YES;
				CLANG_WARN_NON_LITERAL_NULL_CONVERSION = YES;
				CLANG_WARN_OBJC_IMPLICIT_RETAIN_SELF = YES;
				CLANG_WARN_OBJC_LITERAL_CONVERSION = YES;
				CLANG_WARN_OBJC_ROOT_CLASS = YES_ERROR;
				CLANG_WARN_QUOTED_INCLUDE_IN_FRAMEWORK_HEADER = YES;
				CLANG_WARN_RANGE_LOOP_ANALYSIS = YES;
				CLANG_WARN_STRICT_PROTOTYPES = YES;
				CLANG_WARN_SUSPICIOUS_MOVE = YES;
				CLANG_WARN_UNGUARDED_AVAILABILITY = YES_AGGRESSIVE;
				CLANG_WARN_UNREACHABLE_CODE = YES;
				CLANG_WARN__DUPLICATE_METHOD_MATCH = YES;
				COPY_PHASE_STRIP = NO;
				DEBUG_INFORMATION_FORMAT = "dwarf-with-dsym";
				DEVELOPMENT_TEAM = T9YFT24Y7S;
				ENABLE_NS_ASSERTIONS = NO;
				ENABLE_STRICT_OBJC_MSGSEND = YES;
				ENABLE_USER_SCRIPT_SANDBOXING = YES;
				GCC_C_LANGUAGE_STANDARD = gnu17;
				GCC_NO_COMMON_BLOCKS = YES;
				GCC_WARN_64_TO_32_BIT_CONVERSION = YES;
				GCC_WARN_ABOUT_RETURN_TYPE = YES_ERROR;
				GCC_WARN_UNDECLARED_SELECTOR = YES;
				GCC_WARN_UNINITIALIZED_AUTOS = YES_AGGRESSIVE;
				GCC_WARN_UNUSED_FUNCTION = YES;
				GCC_WARN_UNUSED_VARIABLE = YES;
				IPHONEOS_DEPLOYMENT_TARGET = 26.4;
				LOCALIZATION_PREFERS_STRING_CATALOGS = YES;
				MTL_ENABLE_DEBUG_INFO = NO;
				MTL_FAST_MATH = YES;
				SDKROOT = iphoneos;
				SWIFT_COMPILATION_MODE = wholemodule;
				VALIDATE_PRODUCT = YES;
			};
			name = Release;
		};
		394CC4552F8F804D008ED326 /* Debug */ = {
			isa = XCBuildConfiguration;
			buildSettings = {
				ASSETCATALOG_COMPILER_APPICON_NAME = AppIcon;
				ASSETCATALOG_COMPILER_GLOBAL_ACCENT_COLOR_NAME = AccentColor;
				CODE_SIGN_STYLE = Automatic;
				CURRENT_PROJECT_VERSION = 1;
				DEVELOPMENT_TEAM = T9YFT24Y7S;
				ENABLE_PREVIEWS = YES;
				GENERATE_INFOPLIST_FILE = YES;
				INFOPLIST_KEY_UIApplicationSceneManifest_Generation = YES;
				INFOPLIST_KEY_UIApplicationSupportsIndirectInputEvents = YES;
				INFOPLIST_KEY_UILaunchScreen_Generation = YES;
				INFOPLIST_KEY_UISupportedInterfaceOrientations_iPad = "UIInterfaceOrientationPortrait UIInterfaceOrientationPortraitUpsideDown UIInterfaceOrientationLandscapeLeft UIInterfaceOrientationLandscapeRight";
				INFOPLIST_KEY_UISupportedInterfaceOrientations_iPhone = "UIInterfaceOrientationPortrait UIInterfaceOrientationLandscapeLeft UIInterfaceOrientationLandscapeRight";
				LD_RUNPATH_SEARCH_PATHS = (
					"$(inherited)",
					"@executable_path/Frameworks",
				);
				MARKETING_VERSION = 1.0;
				PRODUCT_BUNDLE_IDENTIFIER = tim.UsersApp;
				PRODUCT_NAME = "$(TARGET_NAME)";
				STRING_CATALOG_GENERATE_SYMBOLS = YES;
				SWIFT_APPROACHABLE_CONCURRENCY = YES;
				SWIFT_DEFAULT_ACTOR_ISOLATION = MainActor;
				SWIFT_EMIT_LOC_STRINGS = YES;
				SWIFT_UPCOMING_FEATURE_MEMBER_IMPORT_VISIBILITY = YES;
				SWIFT_VERSION = 5.0;
				TARGETED_DEVICE_FAMILY = "1,2";
			};
			name = Debug;
		};
		394CC4562F8F804D008ED326 /* Release */ = {
			isa = XCBuildConfiguration;
			buildSettings = {
				ASSETCATALOG_COMPILER_APPICON_NAME = AppIcon;
				ASSETCATALOG_COMPILER_GLOBAL_ACCENT_COLOR_NAME = AccentColor;
				CODE_SIGN_STYLE = Automatic;
				CURRENT_PROJECT_VERSION = 1;
				DEVELOPMENT_TEAM = T9YFT24Y7S;
				ENABLE_PREVIEWS = YES;
				GENERATE_INFOPLIST_FILE = YES;
				INFOPLIST_KEY_UIApplicationSceneManifest_Generation = YES;
				INFOPLIST_KEY_UIApplicationSupportsIndirectInputEvents = YES;
				INFOPLIST_KEY_UILaunchScreen_Generation = YES;
				INFOPLIST_KEY_UISupportedInterfaceOrientations_iPad = "UIInterfaceOrientationPortrait UIInterfaceOrientationPortraitUpsideDown UIInterfaceOrientationLandscapeLeft UIInterfaceOrientationLandscapeRight";
				INFOPLIST_KEY_UISupportedInterfaceOrientations_iPhone = "UIInterfaceOrientationPortrait UIInterfaceOrientationLandscapeLeft UIInterfaceOrientationLandscapeRight";
				LD_RUNPATH_SEARCH_PATHS = (
					"$(inherited)",
					"@executable_path/Frameworks",
				);
				MARKETING_VERSION = 1.0;
				PRODUCT_BUNDLE_IDENTIFIER = tim.UsersApp;
				PRODUCT_NAME = "$(TARGET_NAME)";
				STRING_CATALOG_GENERATE_SYMBOLS = YES;
				SWIFT_APPROACHABLE_CONCURRENCY = YES;
				SWIFT_DEFAULT_ACTOR_ISOLATION = MainActor;
				SWIFT_EMIT_LOC_STRINGS = YES;
				SWIFT_UPCOMING_FEATURE_MEMBER_IMPORT_VISIBILITY = YES;
				SWIFT_VERSION = 5.0;
				TARGETED_DEVICE_FAMILY = "1,2";
			};
			name = Release;
		};
		394CC4582F8F804D008ED326 /* Debug */ = {
			isa = XCBuildConfiguration;
			buildSettings = {
				BUNDLE_LOADER = "$(TEST_HOST)";
				CODE_SIGN_STYLE = Automatic;
				CURRENT_PROJECT_VERSION = 1;
				DEVELOPMENT_TEAM = T9YFT24Y7S;
				GENERATE_INFOPLIST_FILE = YES;
				IPHONEOS_DEPLOYMENT_TARGET = 26.4;
				MARKETING_VERSION = 1.0;
				PRODUCT_BUNDLE_IDENTIFIER = tim.UsersAppTests;
				PRODUCT_NAME = "$(TARGET_NAME)";
				STRING_CATALOG_GENERATE_SYMBOLS = NO;
				SWIFT_APPROACHABLE_CONCURRENCY = YES;
				SWIFT_EMIT_LOC_STRINGS = NO;
				SWIFT_UPCOMING_FEATURE_MEMBER_IMPORT_VISIBILITY = YES;
				SWIFT_VERSION = 5.0;
				TARGETED_DEVICE_FAMILY = "1,2";
				TEST_HOST = "$(BUILT_PRODUCTS_DIR)/UsersApp.app/$(BUNDLE_EXECUTABLE_FOLDER_PATH)/UsersApp";
			};
			name = Debug;
		};
		394CC4592F8F804D008ED326 /* Release */ = {
			isa = XCBuildConfiguration;
			buildSettings = {
				BUNDLE_LOADER = "$(TEST_HOST)";
				CODE_SIGN_STYLE = Automatic;
				CURRENT_PROJECT_VERSION = 1;
				DEVELOPMENT_TEAM = T9YFT24Y7S;
				GENERATE_INFOPLIST_FILE = YES;
				IPHONEOS_DEPLOYMENT_TARGET = 26.4;
				MARKETING_VERSION = 1.0;
				PRODUCT_BUNDLE_IDENTIFIER = tim.UsersAppTests;
				PRODUCT_NAME = "$(TARGET_NAME)";
				STRING_CATALOG_GENERATE_SYMBOLS = NO;
				SWIFT_APPROACHABLE_CONCURRENCY = YES;
				SWIFT_EMIT_LOC_STRINGS = NO;
				SWIFT_UPCOMING_FEATURE_MEMBER_IMPORT_VISIBILITY = YES;
				SWIFT_VERSION = 5.0;
				TARGETED_DEVICE_FAMILY = "1,2";
				TEST_HOST = "$(BUILT_PRODUCTS_DIR)/UsersApp.app/$(BUNDLE_EXECUTABLE_FOLDER_PATH)/UsersApp";
			};
			name = Release;
		};
		394CC45B2F8F804D008ED326 /* Debug */ = {
			isa = XCBuildConfiguration;
			buildSettings = {
				CODE_SIGN_STYLE = Automatic;
				CURRENT_PROJECT_VERSION = 1;
				DEVELOPMENT_TEAM = T9YFT24Y7S;
				GENERATE_INFOPLIST_FILE = YES;
				MARKETING_VERSION = 1.0;
				PRODUCT_BUNDLE_IDENTIFIER = tim.UsersAppUITests;
				PRODUCT_NAME = "$(TARGET_NAME)";
				STRING_CATALOG_GENERATE_SYMBOLS = NO;
				SWIFT_APPROACHABLE_CONCURRENCY = YES;
				SWIFT_EMIT_LOC_STRINGS = NO;
				SWIFT_UPCOMING_FEATURE_MEMBER_IMPORT_VISIBILITY = YES;
				SWIFT_VERSION = 5.0;
				TARGETED_DEVICE_FAMILY = "1,2";
				TEST_TARGET_NAME = UsersApp;
			};
			name = Debug;
		};
		394CC45C2F8F804D008ED326 /* Release */ = {
			isa = XCBuildConfiguration;
			buildSettings = {
				CODE_SIGN_STYLE = Automatic;
				CURRENT_PROJECT_VERSION = 1;
				DEVELOPMENT_TEAM = T9YFT24Y7S;
				GENERATE_INFOPLIST_FILE = YES;
				MARKETING_VERSION = 1.0;
				PRODUCT_BUNDLE_IDENTIFIER = tim.UsersAppUITests;
				PRODUCT_NAME = "$(TARGET_NAME)";
				STRING_CATALOG_GENERATE_SYMBOLS = NO;
				SWIFT_APPROACHABLE_CONCURRENCY = YES;
				SWIFT_EMIT_LOC_STRINGS = NO;
				SWIFT_UPCOMING_FEATURE_MEMBER_IMPORT_VISIBILITY = YES;
				SWIFT_VERSION = 5.0;
				TARGETED_DEVICE_FAMILY = "1,2";
				TEST_TARGET_NAME = UsersApp;
			};
			name = Release;
		};
/* End XCBuildConfiguration section */

/* Begin XCConfigurationList section */
		394CC42E2F8F804C008ED326 /* Build configuration list for PBXProject "UsersApp" */ = {
			isa = XCConfigurationList;
			buildConfigurations = (
				394CC4522F8F804D008ED326 /* Debug */,
				394CC4532F8F804D008ED326 /* Release */,
			);
			defaultConfigurationIsVisible = 0;
			defaultConfigurationName = Release;
		};
		394CC4542F8F804D008ED326 /* Build configuration list for PBXNativeTarget "UsersApp" */ = {
			isa = XCConfigurationList;
			buildConfigurations = (
				394CC4552F8F804D008ED326 /* Debug */,
				394CC4562F8F804D008ED326 /* Release */,
			);
			defaultConfigurationIsVisible = 0;
			defaultConfigurationName = Release;
		};
		394CC4572F8F804D008ED326 /* Build configuration list for PBXNativeTarget "UsersAppTests" */ = {
			isa = XCConfigurationList;
			buildConfigurations = (
				394CC4582F8F804D008ED326 /* Debug */,
				394CC4592F8F804D008ED326 /* Release */,
			);
			defaultConfigurationIsVisible = 0;
			defaultConfigurationName = Release;
		};
		394CC45A2F8F804D008ED326 /* Build configuration list for PBXNativeTarget "UsersAppUITests" */ = {
			isa = XCConfigurationList;
			buildConfigurations = (
				394CC45B2F8F804D008ED326 /* Debug */,
				394CC45C2F8F804D008ED326 /* Release */,
			);
			defaultConfigurationIsVisible = 0;
			defaultConfigurationName = Release;
		};
/* End XCConfigurationList section */

/* Begin XCLocalSwiftPackageReference section */
		AA000002000000000000AA00 /* XCLocalSwiftPackageReference "UIComponents" */ = {
			isa = XCLocalSwiftPackageReference;
			relativePath = UIComponents;
		};
/* End XCLocalSwiftPackageReference section */

/* Begin XCRemoteSwiftPackageReference section */
		3952205C2F92BD5700B57BD8 /* XCRemoteSwiftPackageReference "Kingfisher" */ = {
			isa = XCRemoteSwiftPackageReference;
			repositoryURL = "https://github.com/onevcat/Kingfisher";
			requirement = {
				kind = upToNextMajorVersion;
				minimumVersion = 8.0.0;
			};
		};
/* End XCRemoteSwiftPackageReference section */

/* Begin XCSwiftPackageProductDependency section */
		3952205E2F92BD5700B57BD8 /* Kingfisher */ = {
			isa = XCSwiftPackageProductDependency;
			package = 3952205C2F92BD5700B57BD8 /* XCRemoteSwiftPackageReference "Kingfisher" */;
			productName = Kingfisher;
		};
		AA000001000000000000AA00 /* UIComponents */ = {
			isa = XCSwiftPackageProductDependency;
			package = AA000002000000000000AA00 /* XCLocalSwiftPackageReference "UIComponents" */;
			productName = UIComponents;
		};
/* End XCSwiftPackageProductDependency section */
	};
	rootObject = 394CC42B2F8F804C008ED326 /* Project object */;
}
